
Microsoft Visual Studio Solution File, Format Version 12.00
# Visual Studio Version 16
VisualStudioVersion = 16.0.29424.173
MinimumVisualStudioVersion = 10.0.40219.1
Project("{FAE04EC0-301F-11D3-BF4B-00C04F79EFBC}") = "SmartParkingApp.Client", "SmartParkingApp.Client\SmartParkingApp.Client.csproj", "{BF00C1B4-B00C-4B5B-885C-16BCC3093516}"
EndProject
Project("{FAE04EC0-301F-11D3-BF4B-00C04F79EFBC}") = "SmartParkingApp.Owner", "SmartParkingApp.Owner\SmartParkingApp.Owner.csproj", "{7528BCB0-75CA-45F4-ACF9-35EBFC95B1A7}"
EndProject
Project("{FAE04EC0-301F-11D3-BF4B-00C04F79EFBC}") = "SmartParkingApp.ClassLibrary", "SmartParkingApp.ClassLibrary\SmartParkingApp.ClassLibrary.csproj", "{4004593A-8720-4158-86C0-F2C9589AA5E5}"
EndProject
Global
	GlobalSection(SolutionConfigurationPlatforms) = preSolution
		Debug|Any CPU = Debug|Any CPU
		Release|Any CPU = Release|Any CPU
	EndGlobalSection
	GlobalSection(ProjectConfigurationPlatforms) = postSolution
		{BF00C1B4-B00C-4B5B-885C-16BCC3093516}.Debug|Any CPU.ActiveCfg = Debug|Any CPU
		{BF00C1B4-B00C-4B5B-885C-16BCC3093516}.Debug|Any CPU.Build.0 = Debug|Any CPU
		{BF00C1B4-B00C-4B5B-885C-16BCC3093516}.Release|Any CPU.ActiveCfg = Release|Any CPU
		{BF00C1B4-B00C-4B5B-885C-16BCC3093516}.Release|Any CPU.Build.0 = Release|Any CPU
		{7528BCB0-75CA-45F4-ACF9-35EBFC95B1A7}.Debug|Any CPU.ActiveCfg = Debug|Any CPU
		{7528BCB0-75CA-45F4-ACF9-35EBFC95B1A7}.Debug|Any CPU.Build.0 = Debug|Any CPU
		{7528BCB0-75CA-45F4-ACF9-35EBFC95B1A7}.Release|Any CPU.ActiveCfg = Release|Any CPU
		{7528BCB0-75CA-45F4-ACF9-35EBFC95B1A7}.Release|Any CPU.Build.0 = Release|Any CPU
		{4004593A-8720-4158-86C0-F2C9589AA5E5}.Debug|Any CPU.ActiveCfg = Debug|Any CPU
		{4004593A-8720-4158-86C0-F2C9589AA5E5}.Debug|Any CPU.Build.0 = Debug|Any CPU
		{4004593A-8720-4158-86C0-F2C9589AA5E5}.Release|Any CPU.ActiveCfg = Release|Any CPU
		{4004593A-8720-4158-86C0-F2C9589AA5E5}.Release|Any CPU.Build.0 = Release|Any CPU
	EndGlobalSection
	GlobalSection(SolutionProperties) = preSolution
		HideSolutionNode = FALSE
	EndGlobalSection
	GlobalSection(ExtensibilityGlobals) = postSolution
		SolutionGuid = {85120A94-F6A0-4592-A67D-1523CE3BC60F}
	EndGlobalSection
EndGlobal
